// !$*UTF8*$!
{
	archiveVersion = 1;
	classes = {
	};
	objectVersion = 50;
	objects = {

/* Begin PBXBuildFile section */
		B64A5417230576DC004F48AC /* AppDelegate.swift in Sources */ = {isa = PBXBuildFile; fileRef = B64A5416230576DC004F48AC /* AppDelegate.swift */; };
		B64A541C230576DC004F48AC /* Main.storyboard in Resources */ = {isa = PBXBuildFile; fileRef = B64A541A230576DC004F48AC /* Main.storyboard */; };
		B64A541E230576DF004F48AC /* Assets.xcassets in Resources */ = {isa = PBXBuildFile; fileRef = B64A541D230576DF004F48AC /* Assets.xcassets */; };
		B64A5421230576DF004F48AC /* LaunchScreen.storyboard in Resources */ = {isa = PBXBuildFile; fileRef = B64A541F230576DF004F48AC /* LaunchScreen.storyboard */; };
		B64A542C230576E0004F48AC /* ToDoRank_iOSTests.swift in Sources */ = {isa = PBXBuildFile; fileRef = B64A542B230576E0004F48AC /* ToDoRank_iOSTests.swift */; };
		B64A5437230576E0004F48AC /* ToDoRank_iOSUITests.swift in Sources */ = {isa = PBXBuildFile; fileRef = B64A5436230576E0004F48AC /* ToDoRank_iOSUITests.swift */; };
		B6AC550F2307CF86004BD41A /* ToDoRankViewController.swift in Sources */ = {isa = PBXBuildFile; fileRef = B6AC550E2307CF86004BD41A /* ToDoRankViewController.swift */; };
/* End PBXBuildFile section */

/* Begin PBXContainerItemProxy section */
		B64A5428230576E0004F48AC /* PBXContainerItemProxy */ = {
			isa = PBXContainerItemProxy;
			containerPortal = B64A540B230576DC004F48AC /* Project object */;
			proxyType = 1;
			remoteGlobalIDString = B64A5412230576DC004F48AC;
			remoteInfo = "ToDoRank-iOS";
		};
		B64A5433230576E0004F48AC /* PBXContainerItemProxy */ = {
			isa = PBXContainerItemProxy;
			containerPortal = B64A540B230576DC004F48AC /* Project object */;
			proxyType = 1;
			remoteGlobalIDString = B64A5412230576DC004F48AC;
			remoteInfo = "ToDoRank-iOS";
		};
/* End PBXContainerItemProxy section */

/* Begin PBXFileReference section */
		B64A5413230576DC004F48AC /* ToDoRank-iOS.app */ = {isa = PBXFileReference; explicitFileType = wrapper.application; includeInIndex = 0; path = "ToDoRank-iOS.app"; sourceTree = BUILT_PRODUCTS_DIR; };
		B64A5416230576DC004F48AC /* AppDelegate.swift */ = {isa = PBXFileReference; lastKnownFileType = sourcecode.swift; path = AppDelegate.swift; sourceTree = "<group>"; };
		B64A541B230576DC004F48AC /* Base */ = {isa = PBXFileReference; lastKnownFileType = file.storyboard; name = Base; path = Base.lproj/Main.storyboard; sourceTree = "<group>"; };
		B64A541D230576DF004F48AC /* Assets.xcassets */ = {isa = PBXFileReference; lastKnownFileType = folder.assetcatalog; path = Assets.xcassets; sourceTree = "<group>"; };
		B64A5420230576DF004F48AC /* Base */ = {isa = PBXFileReference; lastKnownFileType = file.storyboard; name = Base; path = Base.lproj/LaunchScreen.storyboard; sourceTree = "<group>"; };
		B64A5422230576E0004F48AC /* Info.plist */ = {isa = PBXFileReference; lastKnownFileType = text.plist.xml; path = Info.plist; sourceTree = "<group>"; };
		B64A5427230576E0004F48AC /* ToDoRank-iOSTests.xctest */ = {isa = PBXFileReference; explicitFileType = wrapper.cfbundle; includeInIndex = 0; path = "ToDoRank-iOSTests.xctest"; sourceTree = BUILT_PRODUCTS_DIR; };
		B64A542B230576E0004F48AC /* ToDoRank_iOSTests.swift */ = {isa = PBXFileReference; lastKnownFileType = sourcecode.swift; path = ToDoRank_iOSTests.swift; sourceTree = "<group>"; };
		B64A542D230576E0004F48AC /* Info.plist */ = {isa = PBXFileReference; lastKnownFileType = text.plist.xml; path = Info.plist; sourceTree = "<group>"; };
		B64A5432230576E0004F48AC /* ToDoRank-iOSUITests.xctest */ = {isa = PBXFileReference; explicitFileType = wrapper.cfbundle; includeInIndex = 0; path = "ToDoRank-iOSUITests.xctest"; sourceTree = BUILT_PRODUCTS_DIR; };
		B64A5436230576E0004F48AC /* ToDoRank_iOSUITests.swift */ = {isa = PBXFileReference; lastKnownFileType = sourcecode.swift; path = ToDoRank_iOSUITests.swift; sourceTree = "<group>"; };
		B64A5438230576E0004F48AC /* Info.plist */ = {isa = PBXFileReference; lastKnownFileType = text.plist.xml; path = Info.plist; sourceTree = "<group>"; };
		B6AC550E2307CF86004BD41A /* ToDoRankViewController.swift */ = {isa = PBXFileReference; lastKnownFileType = sourcecode.swift; path = ToDoRankViewController.swift; sourceTree = "<group>"; };
/* End PBXFileReference section */

/* Begin PBXFrameworksBuildPhase section */
		B64A5410230576DC004F48AC /* Frameworks */ = {
			isa = PBXFrameworksBuildPhase;
			buildActionMask = 2147483647;
			files = (
			);
			runOnlyForDeploymentPostprocessing = 0;
		};
		B64A5424230576E0004F48AC /* Frameworks */ = {
			isa = PBXFrameworksBuildPhase;
			buildActionMask = 2147483647;
			files = (
			);
			runOnlyForDeploymentPostprocessing = 0;
		};
		B64A542F230576E0004F48AC /* Frameworks */ = {
			isa = PBXFrameworksBuildPhase;
			buildActionMask = 2147483647;
			files = (
			);
			runOnlyForDeploymentPostprocessing = 0;
		};
/* End PBXFrameworksBuildPhase section */

/* Begin PBXGroup section */
		B64A540A230576DC004F48AC = {
			isa = PBXGroup;
			children = (
				B64A5415230576DC004F48AC /* ToDoRank-iOS */,
				B64A542A230576E0004F48AC /* ToDoRank-iOSTests */,
				B64A5435230576E0004F48AC /* ToDoRank-iOSUITests */,
				B64A5414230576DC004F48AC /* Products */,
			);
			sourceTree = "<group>";
		};
		B64A5414230576DC004F48AC /* Products */ = {
			isa = PBXGroup;
			children = (
				B64A5413230576DC004F48AC /* ToDoRank-iOS.app */,
				B64A5427230576E0004F48AC /* ToDoRank-iOSTests.xctest */,
				B64A5432230576E0004F48AC /* ToDoRank-iOSUITests.xctest */,
			);
			name = Products;
			sourceTree = "<group>";
		};
		B64A5415230576DC004F48AC /* ToDoRank-iOS */ = {
			isa = PBXGroup;
			children = (
				B64A5416230576DC004F48AC /* AppDelegate.swift */,
				B6AC550E2307CF86004BD41A /* ToDoRankViewController.swift */,
				B64A541A230576DC004F48AC /* Main.storyboard */,
				B64A541D230576DF004F48AC /* Assets.xcassets */,
				B64A541F230576DF004F48AC /* LaunchScreen.storyboard */,
				B64A5422230576E0004F48AC /* Info.plist */,
			);
			path = "ToDoRank-iOS";
			sourceTree = "<group>";
		};
		B64A542A230576E0004F48AC /* ToDoRank-iOSTests */ = {
			isa = PBXGroup;
			children = (
				B64A542B230576E0004F48AC /* ToDoRank_iOSTests.swift */,
				B64A542D230576E0004F48AC /* Info.plist */,
			);
			path = "ToDoRank-iOSTests";
			sourceTree = "<group>";
		};
		B64A5435230576E0004F48AC /* ToDoRank-iOSUITests */ = {
			isa = PBXGroup;
			children = (
				B64A5436230576E0004F48AC /* ToDoRank_iOSUITests.swift */,
				B64A5438230576E0004F48AC /* Info.plist */,
			);
			path = "ToDoRank-iOSUITests";
			sourceTree = "<group>";
		};
/* End PBXGroup section */

/* Begin PBXNativeTarget section */
		B64A5412230576DC004F48AC /* ToDoRank-iOS */ = {
			isa = PBXNativeTarget;
			buildConfigurationList = B64A543B230576E0004F48AC /* Build configuration list for PBXNativeTarget "ToDoRank-iOS" */;
			buildPhases = (
				B64A540F230576DC004F48AC /* Sources */,
				B64A5410230576DC004F48AC /* Frameworks */,
				B64A5411230576DC004F48AC /* Resources */,
			);
			buildRules = (
			);
			dependencies = (
			);
			name = "ToDoRank-iOS";
			productName = "ToDoRank-iOS";
			productReference = B64A5413230576DC004F48AC /* ToDoRank-iOS.app */;
			productType = "com.apple.product-type.application";
		};
		B64A5426230576E0004F48AC /* ToDoRank-iOSTests */ = {
			isa = PBXNativeTarget;
			buildConfigurationList = B64A543E230576E0004F48AC /* Build configuration list for PBXNativeTarget "ToDoRank-iOSTests" */;
			buildPhases = (
				B64A5423230576E0004F48AC /* Sources */,
				B64A5424230576E0004F48AC /* Frameworks */,
				B64A5425230576E0004F48AC /* Resources */,
			);
			buildRules = (
			);
			dependencies = (
				B64A5429230576E0004F48AC /* PBXTargetDependency */,
			);
			name = "ToDoRank-iOSTests";
			productName = "ToDoRank-iOSTests";
			productReference = B64A5427230576E0004F48AC /* ToDoRank-iOSTests.xctest */;
			productType = "com.apple.product-type.bundle.unit-test";
		};
		B64A5431230576E0004F48AC /* ToDoRank-iOSUITests */ = {
			isa = PBXNativeTarget;
			buildConfigurationList = B64A5441230576E0004F48AC /* Build configuration list for PBXNativeTarget "ToDoRank-iOSUITests" */;
			buildPhases = (
				B64A542E230576E0004F48AC /* Sources */,
				B64A542F230576E0004F48AC /* Frameworks */,
				B64A5430230576E0004F48AC /* Resources */,
			);
			buildRules = (
			);
			dependencies = (
				B64A5434230576E0004F48AC /* PBXTargetDependency */,
			);
			name = "ToDoRank-iOSUITests";
			productName = "ToDoRank-iOSUITests";
			productReference = B64A5432230576E0004F48AC /* ToDoRank-iOSUITests.xctest */;
			productType = "com.apple.product-type.bundle.ui-testing";
		};
/* End PBXNativeTarget section */

/* Begin PBXProject section */
		B64A540B230576DC004F48AC /* Project object */ = {
			isa = PBXProject;
			attributes = {
				LastSwiftUpdateCheck = 1030;
				LastUpgradeCheck = 1030;
				ORGANIZATIONNAME = yuki;
				TargetAttributes = {
					B64A5412230576DC004F48AC = {
						CreatedOnToolsVersion = 10.3;
					};
					B64A5426230576E0004F48AC = {
						CreatedOnToolsVersion = 10.3;
						TestTargetID = B64A5412230576DC004F48AC;
					};
					B64A5431230576E0004F48AC = {
						CreatedOnToolsVersion = 10.3;
						TestTargetID = B64A5412230576DC004F48AC;
					};
				};
			};
			buildConfigurationList = B64A540E230576DC004F48AC /* Build configuration list for PBXProject "ToDoRank-iOS" */;
			compatibilityVersion = "Xcode 9.3";
			developmentRegion = en;
			hasScannedForEncodings = 0;
			knownRegions = (
				en,
				Base,
			);
			mainGroup = B64A540A230576DC004F48AC;
			productRefGroup = B64A5414230576DC004F48AC /* Products */;
			projectDirPath = "";
			projectRoot = "";
			targets = (
				B64A5412230576DC004F48AC /* ToDoRank-iOS */,
				B64A5426230576E0004F48AC /* ToDoRank-iOSTests */,
				B64A5431230576E0004F48AC /* ToDoRank-iOSUITests */,
			);
		};
/* End PBXProject section */

/* Begin PBXResourcesBuildPhase section */
		B64A5411230576DC004F48AC /* Resources */ = {
			isa = PBXResourcesBuildPhase;
			buildActionMask = 2147483647;
			files = (
				B64A5421230576DF004F48AC /* LaunchScreen.storyboard in Resources */,
				B64A541E230576DF004F48AC /* Assets.xcassets in Resources */,
				B64A541C230576DC004F48AC /* Main.storyboard in Resources */,
			);
			runOnlyForDeploymentPostprocessing = 0;
		};
		B64A5425230576E0004F48AC /* Resources */ = {
			isa = PBXResourcesBuildPhase;
			buildActionMask = 2147483647;
			files = (
			);
			runOnlyForDeploymentPostprocessing = 0;
		};
		B64A5430230576E0004F48AC /* Resources */ = {
			isa = PBXResourcesBuildPhase;
			buildActionMask = 2147483647;
			files = (
			);
			runOnlyForDeploymentPostprocessing = 0;
		};
/* End PBXResourcesBuildPhase section */

/* Begin PBXSourcesBuildPhase section */
		B64A540F230576DC004F48AC /* Sources */ = {
			isa = PBXSourcesBuildPhase;
			buildActionMask = 2147483647;
			files = (
				B6AC550F2307CF86004BD41A /* ToDoRankViewController.swift in Sources */,
				B64A5417230576DC004F48AC /* AppDelegate.swift in Sources */,
			);
			runOnlyForDeploymentPostprocessing = 0;
		};
		B64A5423230576E0004F48AC /* Sources */ = {
			isa = PBXSourcesBuildPhase;
			buildActionMask = 2147483647;
			files = (
				B64A542C230576E0004F48AC /* ToDoRank_iOSTests.swift in Sources */,
			);
			runOnlyForDeploymentPostprocessing = 0;
		};
		B64A542E230576E0004F48AC /* Sources */ = {
			isa = PBXSourcesBuildPhase;
			buildActionMask = 2147483647;
			files = (
				B64A5437230576E0004F48AC /* ToDoRank_iOSUITests.swift in Sources */,
			);
			runOnlyForDeploymentPostprocessing = 0;
		};
/* End PBXSourcesBuildPhase section */

/* Begin PBXTargetDependency section */
		B64A5429230576E0004F48AC /* PBXTargetDependency */ = {
			isa = PBXTargetDependency;
			target = B64A5412230576DC004F48AC /* ToDoRank-iOS */;
			targetProxy = B64A5428230576E0004F48AC /* PBXContainerItemProxy */;
		};
		B64A5434230576E0004F48AC /* PBXTargetDependency */ = {
			isa = PBXTargetDependency;
			target = B64A5412230576DC004F48AC /* ToDoRank-iOS */;
			targetProxy = B64A5433230576E0004F48AC /* PBXContainerItemProxy */;
		};
/* End PBXTargetDependency section */

/* Begin PBXVariantGroup section */
		B64A541A230576DC004F48AC /* Main.storyboard */ = {
			isa = PBXVariantGroup;
			children = (
				B64A541B230576DC004F48AC /* Base */,
			);
			name = Main.storyboard;
			sourceTree = "<group>";
		};
		B64A541F230576DF004F48AC /* LaunchScreen.storyboard */ = {
			isa = PBXVariantGroup;
			children = (
				B64A5420230576DF004F48AC /* Base */,
			);
			name = LaunchScreen.storyboard;
			sourceTree = "<group>";
		};
/* End PBXVariantGroup section */

/* Begin XCBuildConfiguration section */
		B64A5439230576E0004F48AC /* Debug */ = {
			isa = XCBuildConfiguration;
			buildSettings = {
				ALWAYS_SEARCH_USER_PATHS = NO;
				CLANG_ANALYZER_NONNULL = YES;
				CLANG_ANALYZER_NUMBER_OBJECT_CONVERSION = YES_AGGRESSIVE;
				CLANG_CXX_LANGUAGE_STANDARD = "gnu++14";
				CLANG_CXX_LIBRARY = "libc++";
				CLANG_ENABLE_MODULES = YES;
				CLANG_ENABLE_OBJC_ARC = YES;
				CLANG_ENABLE_OBJC_WEAK = YES;
				CLANG_WARN_BLOCK_CAPTURE_AUTORELEASING = YES;
				CLANG_WARN_BOOL_CONVERSION = YES;
				CLANG_WARN_COMMA = YES;
				CLANG_WARN_CONSTANT_CONVERSION = YES;
				CLANG_WARN_DEPRECATED_OBJC_IMPLEMENTATIONS = YES;
				CLANG_WARN_DIRECT_OBJC_ISA_USAGE = YES_ERROR;
				CLANG_WARN_DOCUMENTATION_COMMENTS = YES;
				CLANG_WARN_EMPTY_BODY = YES;
				CLANG_WARN_ENUM_CONVERSION = YES;
				CLANG_WARN_INFINITE_RECURSION = YES;
				CLANG_WARN_INT_CONVERSION = YES;
				CLANG_WARN_NON_LITERAL_NULL_CONVERSION = YES;
				CLANG_WARN_OBJC_IMPLICIT_RETAIN_SELF = YES;
				CLANG_WARN_OBJC_LITERAL_CONVERSION = YES;
				CLANG_WARN_OBJC_ROOT_CLASS = YES_ERROR;
				CLANG_WARN_RANGE_LOOP_ANALYSIS = YES;
				CLANG_WARN_STRICT_PROTOTYPES = YES;
				CLANG_WARN_SUSPICIOUS_MOVE = YES;
				CLANG_WARN_UNGUARDED_AVAILABILITY = YES_AGGRESSIVE;
				CLANG_WARN_UNREACHABLE_CODE = YES;
				CLANG_WARN__DUPLICATE_METHOD_MATCH = YES;
				CODE_SIGN_IDENTITY = "iPhone Developer";
				COPY_PHASE_STRIP = NO;
				DEBUG_INFORMATION_FORMAT = dwarf;
				ENABLE_STRICT_OBJC_MSGSEND = YES;
				ENABLE_TESTABILITY = YES;
				GCC_C_LANGUAGE_STANDARD = gnu11;
				GCC_DYNAMIC_NO_PIC = NO;
				GCC_NO_COMMON_BLOCKS = YES;
				GCC_OPTIMIZATION_LEVEL = 0;
				GCC_PREPROCESSOR_DEFINITIONS = (
					"DEBUG=1",
					"$(inherited)",
				);
				GCC_WARN_64_TO_32_BIT_CONVERSION = YES;
				GCC_WARN_ABOUT_RETURN_TYPE = YES_ERROR;
				GCC_WARN_UNDECLARED_SELECTOR = YES;
				GCC_WARN_UNINITIALIZED_AUTOS = YES_AGGRESSIVE;
				GCC_WARN_UNUSED_FUNCTION = YES;
				GCC_WARN_UNUSED_VARIABLE = YES;
				IPHONEOS_DEPLOYMENT_TARGET = 12.4;
				MTL_ENABLE_DEBUG_INFO = INCLUDE_SOURCE;
				MTL_FAST_MATH = YES;
				ONLY_ACTIVE_ARCH = YES;
				SDKROOT = iphoneos;
				SWIFT_ACTIVE_COMPILATION_CONDITIONS = DEBUG;
				SWIFT_OPTIMIZATION_LEVEL = "-Onone";
			};
			name = Debug;
		};
		B64A543A230576E0004F48AC /* Release */ = {
			isa = XCBuildConfiguration;
			buildSettings = {
				ALWAYS_SEARCH_USER_PATHS = NO;
				CLANG_ANALYZER_NONNULL = YES;
				CLANG_ANALYZER_NUMBER_OBJECT_CONVERSION = YES_AGGRESSIVE;
				CLANG_CXX_LANGUAGE_STANDARD = "gnu++14";
				CLANG_CXX_LIBRARY = "libc++";
				CLANG_ENABLE_MODULES = YES;
				CLANG_ENABLE_OBJC_ARC = YES;
				CLANG_ENABLE_OBJC_WEAK = YES;
				CLANG_WARN_BLOCK_CAPTURE_AUTORELEASING = YES;
				CLANG_WARN_BOOL_CONVERSION = YES;
				CLANG_WARN_COMMA = YES;
				CLANG_WARN_CONSTANT_CONVERSION = YES;
				CLANG_WARN_DEPRECATED_OBJC_IMPLEMENTATIONS = YES;
				CLANG_WARN_DIRECT_OBJC_ISA_USAGE = YES_ERROR;
				CLANG_WARN_DOCUMENTATION_COMMENTS = YES;
				CLANG_WARN_EMPTY_BODY = YES;
				CLANG_WARN_ENUM_CONVERSION = YES;
				CLANG_WARN_INFINITE_RECURSION = YES;
				CLANG_WARN_INT_CONVERSION = YES;
				CLANG_WARN_NON_LITERAL_NULL_CONVERSION = YES;
				CLANG_WARN_OBJC_IMPLICIT_RETAIN_SELF = YES;
				CLANG_WARN_OBJC_LITERAL_CONVERSION = YES;
				CLANG_WARN_OBJC_ROOT_CLASS = YES_ERROR;
				CLANG_WARN_RANGE_LOOP_ANALYSIS = YES;
				CLANG_WARN_STRICT_PROTOTYPES = YES;
				CLANG_WARN_SUSPICIOUS_MOVE = YES;
				CLANG_WARN_UNGUARDED_AVAILABILITY = YES_AGGRESSIVE;
				CLANG_WARN_UNREACHABLE_CODE = YES;
				CLANG_WARN__DUPLICATE_METHOD_MATCH = YES;
				CODE_SIGN_IDENTITY = "iPhone Developer";
				COPY_PHASE_STRIP = NO;
				DEBUG_INFORMATION_FORMAT = "dwarf-with-dsym";
				ENABLE_NS_ASSERTIONS = NO;
				ENABLE_STRICT_OBJC_MSGSEND = YES;
				GCC_C_LANGUAGE_STANDARD = gnu11;
				GCC_NO_COMMON_BLOCKS = YES;
				GCC_WARN_64_TO_32_BIT_CONVERSION = YES;
				GCC_WARN_ABOUT_RETURN_TYPE = YES_ERROR;
				GCC_WARN_UNDECLARED_SELECTOR = YES;
				GCC_WARN_UNINITIALIZED_AUTOS = YES_AGGRESSIVE;
				GCC_WARN_UNUSED_FUNCTION = YES;
				GCC_WARN_UNUSED_VARIABLE = YES;
				IPHONEOS_DEPLOYMENT_TARGET = 12.4;
				MTL_ENABLE_DEBUG_INFO = NO;
				MTL_FAST_MATH = YES;
				SDKROOT = iphoneos;
				SWIFT_COMPILATION_MODE = wholemodule;
				SWIFT_OPTIMIZATION_LEVEL = "-O";
				VALIDATE_PRODUCT = YES;
			};
			name = Release;
		};
		B64A543C230576E0004F48AC /* Debug */ = {
			isa = XCBuildConfiguration;
			buildSettings = {
				ASSETCATALOG_COMPILER_APPICON_NAME = AppIcon;
				CODE_SIGN_STYLE = Automatic;
				DEVELOPMENT_TEAM = WSQS2G2C85;
				INFOPLIST_FILE = "ToDoRank-iOS/Info.plist";
				LD_RUNPATH_SEARCH_PATHS = (
					"$(inherited)",
					"@executable_path/Frameworks",
				);
				PRODUCT_BUNDLE_IDENTIFIER = "com.blendt.ToDoRank-iOS";
				PRODUCT_NAME = "$(TARGET_NAME)";
				SWIFT_VERSION = 5.0;
				TARGETED_DEVICE_FAMILY = "1,2";
			};
			name = Debug;
		};
		B64A543D230576E0004F48AC /* Release */ = {
			isa = XCBuildConfiguration;
			buildSettings = {
				ASSETCATALOG_COMPILER_APPICON_NAME = AppIcon;
				CODE_SIGN_STYLE = Automatic;
				DEVELOPMENT_TEAM = WSQS2G2C85;
				INFOPLIST_FILE = "ToDoRank-iOS/Info.plist";
				LD_RUNPATH_SEARCH_PATHS = (
					"$(inherited)",
					"@executable_path/Frameworks",
				);
				PRODUCT_BUNDLE_IDENTIFIER = "com.blendt.ToDoRank-iOS";
				PRODUCT_NAME = "$(TARGET_NAME)";
				SWIFT_VERSION = 5.0;
				TARGETED_DEVICE_FAMILY = "1,2";
			};
			name = Release;
		};
		B64A543F230576E0004F48AC /* Debug */ = {
			isa = XCBuildConfiguration;
			buildSettings = {
				ALWAYS_EMBED_SWIFT_STANDARD_LIBRARIES = YES;
				BUNDLE_LOADER = "$(TEST_HOST)";
				CODE_SIGN_STYLE = Automatic;
				DEVELOPMENT_TEAM = WSQS2G2C85;
				INFOPLIST_FILE = "ToDoRank-iOSTests/Info.plist";
				LD_RUNPATH_SEARCH_PATHS = (
					"$(inherited)",
					"@executable_path/Frameworks",
					"@loader_path/Frameworks",
				);
				PRODUCT_BUNDLE_IDENTIFIER = "com.blendt.ToDoRank-iOSTests";
				PRODUCT_NAME = "$(TARGET_NAME)";
				SWIFT_VERSION = 5.0;
				TARGETED_DEVICE_FAMILY = "1,2";
				TEST_HOST = "$(BUILT_PRODUCTS_DIR)/ToDoRank-iOS.app/ToDoRank-iOS";
			};
			name = Debug;
		};
		B64A5440230576E0004F48AC /* Release */ = {
			isa = XCBuildConfiguration;
			buildSettings = {
				ALWAYS_EMBED_SWIFT_STANDARD_LIBRARIES = YES;
				BUNDLE_LOADER = "$(TEST_HOST)";
				CODE_SIGN_STYLE = Automatic;
				DEVELOPMENT_TEAM = WSQS2G2C85;
				INFOPLIST_FILE = "ToDoRank-iOSTests/Info.plist";
				LD_RUNPATH_SEARCH_PATHS = (
					"$(inherited)",
					"@executable_path/Frameworks",
					"@loader_path/Frameworks",
				);
				PRODUCT_BUNDLE_IDENTIFIER = "com.blendt.ToDoRank-iOSTests";
				PRODUCT_NAME = "$(TARGET_NAME)";
				SWIFT_VERSION = 5.0;
				TARGETED_DEVICE_FAMILY = "1,2";
				TEST_HOST = "$(BUILT_PRODUCTS_DIR)/ToDoRank-iOS.app/ToDoRank-iOS";
			};
			name = Release;
		};
		B64A5442230576E0004F48AC /* Debug */ = {
			isa = XCBuildConfiguration;
			buildSettings = {
				ALWAYS_EMBED_SWIFT_STANDARD_LIBRARIES = YES;
				CODE_SIGN_STYLE = Automatic;
				DEVELOPMENT_TEAM = WSQS2G2C85;
				INFOPLIST_FILE = "ToDoRank-iOSUITests/Info.plist";
				LD_RUNPATH_SEARCH_PATHS = (
					"$(inherited)",
					"@executable_path/Frameworks",
					"@loader_path/Frameworks",
				);
				PRODUCT_BUNDLE_IDENTIFIER = "com.blendt.ToDoRank-iOSUITests";
				PRODUCT_NAME = "$(TARGET_NAME)";
				SWIFT_VERSION = 5.0;
				TARGETED_DEVICE_FAMILY = "1,2";
				TEST_TARGET_NAME = "ToDoRank-iOS";
			};
			name = Debug;
		};
		B64A5443230576E0004F48AC /* Release */ = {
			isa = XCBuildConfiguration;
			buildSettings = {
				ALWAYS_EMBED_SWIFT_STANDARD_LIBRARIES = YES;
				CODE_SIGN_STYLE = Automatic;
				DEVELOPMENT_TEAM = WSQS2G2C85;
				INFOPLIST_FILE = "ToDoRank-iOSUITests/Info.plist";
				LD_RUNPATH_SEARCH_PATHS = (
					"$(inherited)",
					"@executable_path/Frameworks",
					"@loader_path/Frameworks",
				);
				PRODUCT_BUNDLE_IDENTIFIER = "com.blendt.ToDoRank-iOSUITests";
				PRODUCT_NAME = "$(TARGET_NAME)";
				SWIFT_VERSION = 5.0;
				TARGETED_DEVICE_FAMILY = "1,2";
				TEST_TARGET_NAME = "ToDoRank-iOS";
			};
			name = Release;
		};
/* End XCBuildConfiguration section */

/* Begin XCConfigurationList section */
		B64A540E230576DC004F48AC /* Build configuration list for PBXProject "ToDoRank-iOS" */ = {
			isa = XCConfigurationList;
			buildConfigurations = (
				B64A5439230576E0004F48AC /* Debug */,
				B64A543A230576E0004F48AC /* Release */,
			);
			defaultConfigurationIsVisible = 0;
			defaultConfigurationName = Release;
		};
		B64A543B230576E0004F48AC /* Build configuration list for PBXNativeTarget "ToDoRank-iOS" */ = {
			isa = XCConfigurationList;
			buildConfigurations = (
				B64A543C230576E0004F48AC /* Debug */,
				B64A543D230576E0004F48AC /* Release */,
			);
			defaultConfigurationIsVisible = 0;
			defaultConfigurationName = Release;
		};
		B64A543E230576E0004F48AC /* Build configuration list for PBXNativeTarget "ToDoRank-iOSTests" */ = {
			isa = XCConfigurationList;
			buildConfigurations = (
				B64A543F230576E0004F48AC /* Debug */,
				B64A5440230576E0004F48AC /* Release */,
			);
			defaultConfigurationIsVisible = 0;
			defaultConfigurationName = Release;
		};
		B64A5441230576E0004F48AC /* Build configuration list for PBXNativeTarget "ToDoRank-iOSUITests" */ = {
			isa = XCConfigurationList;
			buildConfigurations = (
				B64A5442230576E0004F48AC /* Debug */,
				B64A5443230576E0004F48AC /* Release */,
			);
			defaultConfigurationIsVisible = 0;
			defaultConfigurationName = Release;
		};
/* End XCConfigurationList section */
	};
	rootObject = B64A540B230576DC004F48AC /* Project object */;
}
